
Microsoft Visual Studio Solution File, Format Version 12.00
# Visual Studio Version 17
VisualStudioVersion = 17.0.31903.59
MinimumVisualStudioVersion = 10.0.40219.1
Project("{FAE04EC0-301F-11D3-BF4B-00C04F79EFBC}") = "BrawlerSim", "BrawlerSim\BrawlerSim.csproj", "{0DF8C018-B89E-4047-9E03-7EAB6794602E}"
EndProject
Project("{FAE04EC0-301F-11D3-BF4B-00C04F79EFBC}") = "BrawlerSim.Tests", "BrawlerSim.Tests\BrawlerSim.Tests.csproj", "{A9F92220-F400-44B9-889A-0E8273A0649C}"
EndProject
Project("{FAE04EC0-301F-11D3-BF4B-00C04F79EFBC}") = "BrawlerRunner", "BrawlerRunner\BrawlerRunner.csproj", "{5D350911-7263-4957-9FD4-63AFD77D1226}"
EndProject
Project("{FAE04EC0-301F-11D3-BF4B-00C04F79EFBC}") = "BrawlerGodot", "godot\BrawlerGodot.csproj", "{EAD8A9B5-DBB0-47A1-8BAC-5294F69ECC38}"
EndProject
Project("{2150E333-8FDC-42A3-9474-1A3956D46DE8}") = "namegen", "namegen", "{4E9471B2-20E5-4E02-BF50-C6510B080090}"
EndProject
Project("{2150E333-8FDC-42A3-9474-1A3956D46DE8}") = "src", "src", "{D522C11F-CB60-488B-BDF9-A1742055459A}"
EndProject
Project("{FAE04EC0-301F-11D3-BF4B-00C04F79EFBC}") = "NameGen", "namegen\src\NameGen\NameGen.csproj", "{B54963E5-8D89-4C19-81C1-2DF77519CB51}"
EndProject
Global
	GlobalSection(SolutionConfigurationPlatforms) = preSolution
		Debug|Any CPU = Debug|Any CPU
		Release|Any CPU = Release|Any CPU
	EndGlobalSection
	GlobalSection(SolutionProperties) = preSolution
		HideSolutionNode = FALSE
	EndGlobalSection
	GlobalSection(ProjectConfigurationPlatforms) = postSolution
		{0DF8C018-B89E-4047-9E03-7EAB6794602E}.Debug|Any CPU.ActiveCfg = Debug|Any CPU
		{0DF8C018-B89E-4047-9E03-7EAB6794602E}.Debug|Any CPU.Build.0 = Debug|Any CPU
		{0DF8C018-B89E-4047-9E03-7EAB6794602E}.Release|Any CPU.ActiveCfg = Release|Any CPU
		{0DF8C018-B89E-4047-9E03-7EAB6794602E}.Release|Any CPU.Build.0 = Release|Any CPU
		{A9F92220-F400-44B9-889A-0E8273A0649C}.Debug|Any CPU.ActiveCfg = Debug|Any CPU
		{A9F92220-F400-44B9-889A-0E8273A0649C}.Debug|Any CPU.Build.0 = Debug|Any CPU
		{A9F92220-F400-44B9-889A-0E8273A0649C}.Release|Any CPU.ActiveCfg = Release|Any CPU
		{A9F92220-F400-44B9-889A-0E8273A0649C}.Release|Any CPU.Build.0 = Release|Any CPU
		{5D350911-7263-4957-9FD4-63AFD77D1226}.Debug|Any CPU.ActiveCfg = Debug|Any CPU
		{5D350911-7263-4957-9FD4-63AFD77D1226}.Debug|Any CPU.Build.0 = Debug|Any CPU
		{5D350911-7263-4957-9FD4-63AFD77D1226}.Release|Any CPU.ActiveCfg = Release|Any CPU
		{5D350911-7263-4957-9FD4-63AFD77D1226}.Release|Any CPU.Build.0 = Release|Any CPU
		{EAD8A9B5-DBB0-47A1-8BAC-5294F69ECC38}.Debug|Any CPU.ActiveCfg = Debug|Any CPU
		{EAD8A9B5-DBB0-47A1-8BAC-5294F69ECC38}.Debug|Any CPU.Build.0 = Debug|Any CPU
		{EAD8A9B5-DBB0-47A1-8BAC-5294F69ECC38}.Release|Any CPU.ActiveCfg = Debug|Any CPU
		{EAD8A9B5-DBB0-47A1-8BAC-5294F69ECC38}.Release|Any CPU.Build.0 = Debug|Any CPU
		{B54963E5-8D89-4C19-81C1-2DF77519CB51}.Debug|Any CPU.ActiveCfg = Debug|Any CPU
		{B54963E5-8D89-4C19-81C1-2DF77519CB51}.Debug|Any CPU.Build.0 = Debug|Any CPU
		{B54963E5-8D89-4C19-81C1-2DF77519CB51}.Release|Any CPU.ActiveCfg = Release|Any CPU
		{B54963E5-8D89-4C19-81C1-2DF77519CB51}.Release|Any CPU.Build.0 = Release|Any CPU
	EndGlobalSection
	GlobalSection(NestedProjects) = preSolution
		{D522C11F-CB60-488B-BDF9-A1742055459A} = {4E9471B2-20E5-4E02-BF50-C6510B080090}
		{B54963E5-8D89-4C19-81C1-2DF77519CB51} = {D522C11F-CB60-488B-BDF9-A1742055459A}
	EndGlobalSection
EndGlobal
